// !$*UTF8*$!
{
	archiveVersion = 1;
	classes = {
	};
	objectVersion = 48;
	objects = {

/* Begin PBXBuildFile section */
		5A939634205B66B70013A57F /* AppDelegate.m in Sources */ = {isa = PBXBuildFile; fileRef = 5A939633205B66B70013A57F /* AppDelegate.m */; };
		5A939637205B66B70013A57F /* ViewController.m in Sources */ = {isa = PBXBuildFile; fileRef = 5A939636205B66B70013A57F /* ViewController.m */; };
		5A93963A205B66B70013A57F /* Main.storyboard in Resources */ = {isa = PBXBuildFile; fileRef = 5A939638205B66B70013A57F /* Main.storyboard */; };
		5A93963C205B66B70013A57F /* Assets.xcassets in Resources */ = {isa = PBXBuildFile; fileRef = 5A93963B205B66B70013A57F /* Assets.xcassets */; };
		5A93963F205B66B70013A57F /* LaunchScreen.storyboard in Resources */ = {isa = PBXBuildFile; fileRef = 5A93963D205B66B70013A57F /* LaunchScreen.storyboard */; };
		5A939642205B66B70013A57F /* main.m in Sources */ = {isa = PBXBuildFile; fileRef = 5A939641205B66B70013A57F /* main.m */; };
		5A93964C205B66B80013A57F /* NSInvocation_TestTests.m in Sources */ = {isa = PBXBuildFile; fileRef = 5A93964B205B66B80013A57F /* NSInvocation_TestTests.m */; };
/* End PBXBuildFile section */

/* Begin PBXContainerItemProxy section */
		5A939648205B66B70013A57F /* PBXContainerItemProxy */ = {
			isa = PBXContainerItemProxy;
			containerPortal = 5A939627205B66B70013A57F /* Project object */;
			proxyType = 1;
			remoteGlobalIDString = 5A93962E205B66B70013A57F;
			remoteInfo = NSInvocation_Test;
		};
/* End PBXContainerItemProxy section */

/* Begin PBXFileReference section */
		5A93962F205B66B70013A57F /* NSInvocation_Test.app */ = {isa = PBXFileReference; explicitFileType = wrapper.application; includeInIndex = 0; path = NSInvocation_Test.app; sourceTree = BUILT_PRODUCTS_DIR; };
		5A939632205B66B70013A57F /* AppDelegate.h */ = {isa = PBXFileReference; lastKnownFileType = sourcecode.c.h; path = AppDelegate.h; sourceTree = "<group>"; };
		5A939633205B66B70013A57F /* AppDelegate.m */ = {isa = PBXFileReference; lastKnownFileType = sourcecode.c.objc; path = AppDelegate.m; sourceTree = "<group>"; };
		5A939635205B66B70013A57F /* ViewController.h */ = {isa = PBXFileReference; lastKnownFileType = sourcecode.c.h; path = ViewController.h; sourceTree = "<group>"; };
		5A939636205B66B70013A57F /* ViewController.m */ = {isa = PBXFileReference; lastKnownFileType = sourcecode.c.objc; path = ViewController.m; sourceTree = "<group>"; };
		5A939639205B66B70013A57F /* Base */ = {isa = PBXFileReference; lastKnownFileType = file.storyboard; name = Base; path = Base.lproj/Main.storyboard; sourceTree = "<group>"; };
		5A93963B205B66B70013A57F /* Assets.xcassets */ = {isa = PBXFileReference; lastKnownFileType = folder.assetcatalog; path = Assets.xcassets; sourceTree = "<group>"; };
		5A93963E205B66B70013A57F /* Base */ = {isa = PBXFileReference; lastKnownFileType = file.storyboard; name = Base; path = Base.lproj/LaunchScreen.storyboard; sourceTree = "<group>"; };
		5A939640205B66B70013A57F /* Info.plist */ = {isa = PBXFileReference; lastKnownFileType = text.plist.xml; path = Info.plist; sourceTree = "<group>"; };
		5A939641205B66B70013A57F /* main.m */ = {isa = PBXFileReference; lastKnownFileType = sourcecode.c.objc; path = main.m; sourceTree = "<group>"; };
		5A939647205B66B70013A57F /* NSInvocation_TestTests.xctest */ = {isa = PBXFileReference; explicitFileType = wrapper.cfbundle; includeInIndex = 0; path = NSInvocation_TestTests.xctest; sourceTree = BUILT_PRODUCTS_DIR; };
		5A93964B205B66B80013A57F /* NSInvocation_TestTests.m */ = {isa = PBXFileReference; lastKnownFileType = sourcecode.c.objc; path = NSInvocation_TestTests.m; sourceTree = "<group>"; };
		5A93964D205B66B80013A57F /* Info.plist */ = {isa = PBXFileReference; lastKnownFileType = text.plist.xml; path = Info.plist; sourceTree = "<group>"; };
/* End PBXFileReference section */

/* Begin PBXFrameworksBuildPhase section */
		5A93962C205B66B70013A57F /* Frameworks */ = {
			isa = PBXFrameworksBuildPhase;
			buildActionMask = 2147483647;
			files = (
			);
			runOnlyForDeploymentPostprocessing = 0;
		};
		5A939644205B66B70013A57F /* Frameworks */ = {
			isa = PBXFrameworksBuildPhase;
			buildActionMask = 2147483647;
			files = (
			);
			runOnlyForDeploymentPostprocessing = 0;
		};
/* End PBXFrameworksBuildPhase section */

/* Begin PBXGroup section */
		5A939626205B66B70013A57F = {
			isa = PBXGroup;
			children = (
				5A939631205B66B70013A57F /* NSInvocation_Test */,
				5A93964A205B66B80013A57F /* NSInvocation_TestTests */,
				5A939630205B66B70013A57F /* Products */,
			);
			sourceTree = "<group>";
		};
		5A939630205B66B70013A57F /* Products */ = {
			isa = PBXGroup;
			children = (
				5A93962F205B66B70013A57F /* NSInvocation_Test.app */,
				5A939647205B66B70013A57F /* NSInvocation_TestTests.xctest */,
			);
			name = Products;
			sourceTree = "<group>";
		};
		5A939631205B66B70013A57F /* NSInvocation_Test */ = {
			isa = PBXGroup;
			children = (
				5A939632205B66B70013A57F /* AppDelegate.h */,
				5A939633205B66B70013A57F /* AppDelegate.m */,
				5A939635205B66B70013A57F /* ViewController.h */,
				5A939636205B66B70013A57F /* ViewController.m */,
				5A939638205B66B70013A57F /* Main.storyboard */,
				5A93963B205B66B70013A57F /* Assets.xcassets */,
				5A93963D205B66B70013A57F /* LaunchScreen.storyboard */,
				5A939640205B66B70013A57F /* Info.plist */,
				5A939641205B66B70013A57F /* main.m */,
			);
			path = NSInvocation_Test;
			sourceTree = "<group>";
		};
		5A93964A205B66B80013A57F /* NSInvocation_TestTests */ = {
			isa = PBXGroup;
			children = (
				5A93964B205B66B80013A57F /* NSInvocation_TestTests.m */,
				5A93964D205B66B80013A57F /* Info.plist */,
			);
			path = NSInvocation_TestTests;
			sourceTree = "<group>";
		};
/* End PBXGroup section */

/* Begin PBXNativeTarget section */
		5A93962E205B66B70013A57F /* NSInvocation_Test */ = {
			isa = PBXNativeTarget;
			buildConfigurationList = 5A939650205B66B80013A57F /* Build configuration list for PBXNativeTarget "NSInvocation_Test" */;
			buildPhases = (
				5A93962B205B66B70013A57F /* Sources */,
				5A93962C205B66B70013A57F /* Frameworks */,
				5A93962D205B66B70013A57F /* Resources */,
			);
			buildRules = (
			);
			dependencies = (
			);
			name = NSInvocation_Test;
			productName = NSInvocation_Test;
			productReference = 5A93962F205B66B70013A57F /* NSInvocation_Test.app */;
			productType = "com.apple.product-type.application";
		};
		5A939646205B66B70013A57F /* NSInvocation_TestTests */ = {
			isa = PBXNativeTarget;
			buildConfigurationList = 5A939653205B66B80013A57F /* Build configuration list for PBXNativeTarget "NSInvocation_TestTests" */;
			buildPhases = (
				5A939643205B66B70013A57F /* Sources */,
				5A939644205B66B70013A57F /* Frameworks */,
				5A939645205B66B70013A57F /* Resources */,
			);
			buildRules = (
			);
			dependencies = (
				5A939649205B66B70013A57F /* PBXTargetDependency */,
			);
			name = NSInvocation_TestTests;
			productName = NSInvocation_TestTests;
			productReference = 5A939647205B66B70013A57F /* NSInvocation_TestTests.xctest */;
			productType = "com.apple.product-type.bundle.unit-test";
		};
/* End PBXNativeTarget section */

/* Begin PBXProject section */
		5A939627205B66B70013A57F /* Project object */ = {
			isa = PBXProject;
			attributes = {
				LastUpgradeCheck = 0920;
				ORGANIZATIONNAME = ZTL_Sui;
				TargetAttributes = {
					5A93962E205B66B70013A57F = {
						CreatedOnToolsVersion = 9.2;
						ProvisioningStyle = Automatic;
					};
					5A939646205B66B70013A57F = {
						CreatedOnToolsVersion = 9.2;
						ProvisioningStyle = Automatic;
						TestTargetID = 5A93962E205B66B70013A57F;
					};
				};
			};
			buildConfigurationList = 5A93962A205B66B70013A57F /* Build configuration list for PBXProject "NSInvocation_Test" */;
			compatibilityVersion = "Xcode 8.0";
			developmentRegion = en;
			hasScannedForEncodings = 0;
			knownRegions = (
				en,
				Base,
			);
			mainGroup = 5A939626205B66B70013A57F;
			productRefGroup = 5A939630205B66B70013A57F /* Products */;
			projectDirPath = "";
			projectRoot = "";
			targets = (
				5A93962E205B66B70013A57F /* NSInvocation_Test */,
				5A939646205B66B70013A57F /* NSInvocation_TestTests */,
			);
		};
/* End PBXProject section */

/* Begin PBXResourcesBuildPhase section */
		5A93962D205B66B70013A57F /* Resources */ = {
			isa = PBXResourcesBuildPhase;
			buildActionMask = 2147483647;
			files = (
				5A93963F205B66B70013A57F /* LaunchScreen.storyboard in Resources */,
				5A93963C205B66B70013A57F /* Assets.xcassets in Resources */,
				5A93963A205B66B70013A57F /* Main.storyboard in Resources */,
			);
			runOnlyForDeploymentPostprocessing = 0;
		};
		5A939645205B66B70013A57F /* Resources */ = {
			isa = PBXResourcesBuildPhase;
			buildActionMask = 2147483647;
			files = (
			);
			runOnlyForDeploymentPostprocessing = 0;
		};
/* End PBXResourcesBuildPhase section */

/* Begin PBXSourcesBuildPhase section */
		5A93962B205B66B70013A57F /* Sources */ = {
			isa = PBXSourcesBuildPhase;
			buildActionMask = 2147483647;
			files = (
				5A939637205B66B70013A57F /* ViewController.m in Sources */,
				5A939642205B66B70013A57F /* main.m in Sources */,
				5A939634205B66B70013A57F /* AppDelegate.m in Sources */,
			);
			runOnlyForDeploymentPostprocessing = 0;
		};
		5A939643205B66B70013A57F /* Sources */ = {
			isa = PBXSourcesBuildPhase;
			buildActionMask = 2147483647;
			files = (
				5A93964C205B66B80013A57F /* NSInvocation_TestTests.m in Sources */,
			);
			runOnlyForDeploymentPostprocessing = 0;
		};
/* End PBXSourcesBuildPhase section */

/* Begin PBXTargetDependency section */
		5A939649205B66B70013A57F /* PBXTargetDependency */ = {
			isa = PBXTargetDependency;
			target = 5A93962E205B66B70013A57F /* NSInvocation_Test */;
			targetProxy = 5A939648205B66B70013A57F /* PBXContainerItemProxy */;
		};
/* End PBXTargetDependency section */

/* Begin PBXVariantGroup section */
		5A939638205B66B70013A57F /* Main.storyboard */ = {
			isa = PBXVariantGroup;
			children = (
				5A939639205B66B70013A57F /* Base */,
			);
			name = Main.storyboard;
			sourceTree = "<group>";
		};
		5A93963D205B66B70013A57F /* LaunchScreen.storyboard */ = {
			isa = PBXVariantGroup;
			children = (
				5A93963E205B66B70013A57F /* Base */,
			);
			name = LaunchScreen.storyboard;
			sourceTree = "<group>";
		};
/* End PBXVariantGroup section */

/* Begin XCBuildConfiguration section */
		5A93964E205B66B80013A57F /* Debug */ = {
			isa = XCBuildConfiguration;
			buildSettings = {
				ALWAYS_SEARCH_USER_PATHS = NO;
				CLANG_ANALYZER_NONNULL = YES;
				CLANG_ANALYZER_NUMBER_OBJECT_CONVERSION = YES_AGGRESSIVE;
				CLANG_CXX_LANGUAGE_STANDARD = "gnu++14";
				CLANG_CXX_LIBRARY = "libc++";
				CLANG_ENABLE_MODULES = YES;
				CLANG_ENABLE_OBJC_ARC = YES;
				CLANG_WARN_BLOCK_CAPTURE_AUTORELEASING = YES;
				CLANG_WARN_BOOL_CONVERSION = YES;
				CLANG_WARN_COMMA = YES;
				CLANG_WARN_CONSTANT_CONVERSION = YES;
				CLANG_WARN_DIRECT_OBJC_ISA_USAGE = YES_ERROR;
				CLANG_WARN_DOCUMENTATION_COMMENTS = YES;
				CLANG_WARN_EMPTY_BODY = YES;
				CLANG_WARN_ENUM_CONVERSION = YES;
				CLANG_WARN_INFINITE_RECURSION = YES;
				CLANG_WARN_INT_CONVERSION = YES;
				CLANG_WARN_NON_LITERAL_NULL_CONVERSION = YES;
				CLANG_WARN_OBJC_LITERAL_CONVERSION = YES;
				CLANG_WARN_OBJC_ROOT_CLASS = YES_ERROR;
				CLANG_WARN_RANGE_LOOP_ANALYSIS = YES;
				CLANG_WARN_STRICT_PROTOTYPES = YES;
				CLANG_WARN_SUSPICIOUS_MOVE = YES;
				CLANG_WARN_UNGUARDED_AVAILABILITY = YES_AGGRESSIVE;
				CLANG_WARN_UNREACHABLE_CODE = YES;
				CLANG_WARN__DUPLICATE_METHOD_MATCH = YES;
				CODE_SIGN_IDENTITY = "iPhone Developer";
				COPY_PHASE_STRIP = NO;
				DEBUG_INFORMATION_FORMAT = dwarf;
				ENABLE_STRICT_OBJC_MSGSEND = YES;
				ENABLE_TESTABILITY = YES;
				GCC_C_LANGUAGE_STANDARD = gnu11;
				GCC_DYNAMIC_NO_PIC = NO;
				GCC_NO_COMMON_BLOCKS = YES;
				GCC_OPTIMIZATION_LEVEL = 0;
				GCC_PREPROCESSOR_DEFINITIONS = (
					"DEBUG=1",
					"$(inherited)",
				);
				GCC_WARN_64_TO_32_BIT_CONVERSION = YES;
				GCC_WARN_ABOUT_RETURN_TYPE = YES_ERROR;
				GCC_WARN_UNDECLARED_SELECTOR = YES;
				GCC_WARN_UNINITIALIZED_AUTOS = YES_AGGRESSIVE;
				GCC_WARN_UNUSED_FUNCTION = YES;
				GCC_WARN_UNUSED_VARIABLE = YES;
				IPHONEOS_DEPLOYMENT_TARGET = 11.2;
				MTL_ENABLE_DEBUG_INFO = YES;
				ONLY_ACTIVE_ARCH = YES;
				SDKROOT = iphoneos;
			};
			name = Debug;
		};
		5A93964F205B66B80013A57F /* Release */ = {
			isa = XCBuildConfiguration;
			buildSettings = {
				ALWAYS_SEARCH_USER_PATHS = NO;
				CLANG_ANALYZER_NONNULL = YES;
				CLANG_ANALYZER_NUMBER_OBJECT_CONVERSION = YES_AGGRESSIVE;
				CLANG_CXX_LANGUAGE_STANDARD = "gnu++14";
				CLANG_CXX_LIBRARY = "libc++";
				CLANG_ENABLE_MODULES = YES;
				CLANG_ENABLE_OBJC_ARC = YES;
				CLANG_WARN_BLOCK_CAPTURE_AUTORELEASING = YES;
				CLANG_WARN_BOOL_CONVERSION = YES;
				CLANG_WARN_COMMA = YES;
				CLANG_WARN_CONSTANT_CONVERSION = YES;
				CLANG_WARN_DIRECT_OBJC_ISA_USAGE = YES_ERROR;
				CLANG_WARN_DOCUMENTATION_COMMENTS = YES;
				CLANG_WARN_EMPTY_BODY = YES;
				CLANG_WARN_ENUM_CONVERSION = YES;
				CLANG_WARN_INFINITE_RECURSION = YES;
				CLANG_WARN_INT_CONVERSION = YES;
				CLANG_WARN_NON_LITERAL_NULL_CONVERSION = YES;
				CLANG_WARN_OBJC_LITERAL_CONVERSION = YES;
				CLANG_WARN_OBJC_ROOT_CLASS = YES_ERROR;
				CLANG_WARN_RANGE_LOOP_ANALYSIS = YES;
				CLANG_WARN_STRICT_PROTOTYPES = YES;
				CLANG_WARN_SUSPICIOUS_MOVE = YES;
				CLANG_WARN_UNGUARDED_AVAILABILITY = YES_AGGRESSIVE;
				CLANG_WARN_UNREACHABLE_CODE = YES;
				CLANG_WARN__DUPLICATE_METHOD_MATCH = YES;
				CODE_SIGN_IDENTITY = "iPhone Developer";
				COPY_PHASE_STRIP = NO;
				DEBUG_INFORMATION_FORMAT = "dwarf-with-dsym";
				ENABLE_NS_ASSERTIONS = NO;
				ENABLE_STRICT_OBJC_MSGSEND = YES;
				GCC_C_LANGUAGE_STANDARD = gnu11;
				GCC_NO_COMMON_BLOCKS = YES;
				GCC_WARN_64_TO_32_BIT_CONVERSION = YES;
				GCC_WARN_ABOUT_RETURN_TYPE = YES_ERROR;
				GCC_WARN_UNDECLARED_SELECTOR = YES;
				GCC_WARN_UNINITIALIZED_AUTOS = YES_AGGRESSIVE;
				GCC_WARN_UNUSED_FUNCTION = YES;
				GCC_WARN_UNUSED_VARIABLE = YES;
				IPHONEOS_DEPLOYMENT_TARGET = 11.2;
				MTL_ENABLE_DEBUG_INFO = NO;
				SDKROOT = iphoneos;
				VALIDATE_PRODUCT = YES;
			};
			name = Release;
		};
		5A939651205B66B80013A57F /* Debug */ = {
			isa = XCBuildConfiguration;
			buildSettings = {
				ASSETCATALOG_COMPILER_APPICON_NAME = AppIcon;
				CODE_SIGN_STYLE = Automatic;
				DEVELOPMENT_TEAM = 86VCHY98R9;
				INFOPLIST_FILE = NSInvocation_Test/Info.plist;
				LD_RUNPATH_SEARCH_PATHS = "$(inherited) @executable_path/Frameworks";
				PRODUCT_BUNDLE_IDENTIFIER = "com.ztllabelheight.NSInvocation-Test";
				PRODUCT_NAME = "$(TARGET_NAME)";
				TARGETED_DEVICE_FAMILY = "1,2";
			};
			name = Debug;
		};
		5A939652205B66B80013A57F /* Release */ = {
			isa = XCBuildConfiguration;
			buildSettings = {
				ASSETCATALOG_COMPILER_APPICON_NAME = AppIcon;
				CODE_SIGN_STYLE = Automatic;
				DEVELOPMENT_TEAM = 86VCHY98R9;
				INFOPLIST_FILE = NSInvocation_Test/Info.plist;
				LD_RUNPATH_SEARCH_PATHS = "$(inherited) @executable_path/Frameworks";
				PRODUCT_BUNDLE_IDENTIFIER = "com.ztllabelheight.NSInvocation-Test";
				PRODUCT_NAME = "$(TARGET_NAME)";
				TARGETED_DEVICE_FAMILY = "1,2";
			};
			name = Release;
		};
		5A939654205B66B80013A57F /* Debug */ = {
			isa = XCBuildConfiguration;
			buildSettings = {
				BUNDLE_LOADER = "$(TEST_HOST)";
				CODE_SIGN_STYLE = Automatic;
				DEVELOPMENT_TEAM = 86VCHY98R9;
				INFOPLIST_FILE = NSInvocation_TestTests/Info.plist;
				LD_RUNPATH_SEARCH_PATHS = "$(inherited) @executable_path/Frameworks @loader_path/Frameworks";
				PRODUCT_BUNDLE_IDENTIFIER = "com.ztllabelheight.NSInvocation-TestTests";
				PRODUCT_NAME = "$(TARGET_NAME)";
				TARGETED_DEVICE_FAMILY = "1,2";
				TEST_HOST = "$(BUILT_PRODUCTS_DIR)/NSInvocation_Test.app/NSInvocation_Test";
			};
			name = Debug;
		};
		5A939655205B66B80013A57F /* Release */ = {
			isa = XCBuildConfiguration;
			buildSettings = {
				BUNDLE_LOADER = "$(TEST_HOST)";
				CODE_SIGN_STYLE = Automatic;
				DEVELOPMENT_TEAM = 86VCHY98R9;
				INFOPLIST_FILE = NSInvocation_TestTests/Info.plist;
				LD_RUNPATH_SEARCH_PATHS = "$(inherited) @executable_path/Frameworks @loader_path/Frameworks";
				PRODUCT_BUNDLE_IDENTIFIER = "com.ztllabelheight.NSInvocation-TestTests";
				PRODUCT_NAME = "$(TARGET_NAME)";
				TARGETED_DEVICE_FAMILY = "1,2";
				TEST_HOST = "$(BUILT_PRODUCTS_DIR)/NSInvocation_Test.app/NSInvocation_Test";
			};
			name = Release;
		};
/* End XCBuildConfiguration section */

/* Begin XCConfigurationList section */
		5A93962A205B66B70013A57F /* Build configuration list for PBXProject "NSInvocation_Test" */ = {
			isa = XCConfigurationList;
			buildConfigurations = (
				5A93964E205B66B80013A57F /* Debug */,
				5A93964F205B66B80013A57F /* Release */,
			);
			defaultConfigurationIsVisible = 0;
			defaultConfigurationName = Release;
		};
		5A939650205B66B80013A57F /* Build configuration list for PBXNativeTarget "NSInvocation_Test" */ = {
			isa = XCConfigurationList;
			buildConfigurations = (
				5A939651205B66B80013A57F /* Debug */,
				5A939652205B66B80013A57F /* Release */,
			);
			defaultConfigurationIsVisible = 0;
			defaultConfigurationName = Release;
		};
		5A939653205B66B80013A57F /* Build configuration list for PBXNativeTarget "NSInvocation_TestTests" */ = {
			isa = XCConfigurationList;
			buildConfigurations = (
				5A939654205B66B80013A57F /* Debug */,
				5A939655205B66B80013A57F /* Release */,
			);
			defaultConfigurationIsVisible = 0;
			defaultConfigurationName = Release;
		};
/* End XCConfigurationList section */
	};
	rootObject = 5A939627205B66B70013A57F /* Project object */;
}
